// !$*UTF8*$!
{
	archiveVersion = 1;
	classes = {
	};
	objectVersion = 77;
	objects = {

/* Begin PBXBuildFile section */
		D34A76AF2EC7527D00F64A85 /* FirebaseAnalytics in Frameworks */ = {isa = PBXBuildFile; productRef = D34A76AE2EC7527D00F64A85 /* FirebaseAnalytics */; };
		D34A76B12EC7527D00F64A85 /* FirebaseAnalyticsCore in Frameworks */ = {isa = PBXBuildFile; productRef = D34A76B02EC7527D00F64A85 /* FirebaseAnalyticsCore */; };
		D34A76B32EC7527D00F64A85 /* FirebaseAnalyticsIdentitySupport in Frameworks */ = {isa = PBXBuildFile; productRef = D34A76B22EC7527D00F64A85 /* FirebaseAnalyticsIdentitySupport */; };
		D34A76B52EC7527D00F64A85 /* FirebaseAuth in Frameworks */ = {isa = PBXBuildFile; productRef = D34A76B42EC7527D00F64A85 /* FirebaseAuth */; };
		D34A76B72EC7527D00F64A85 /* FirebaseAuthCombine-Community in Frameworks */ = {isa = PBXBuildFile; productRef = D34A76B62EC7527D00F64A85 /* FirebaseAuthCombine-Community */; };
		D34A76B92EC7527D00F64A85 /* FirebaseCore in Frameworks */ = {isa = PBXBuildFile; productRef = D34A76B82EC7527D00F64A85 /* FirebaseCore */; };
		D34A76BB2EC7527D00F64A85 /* FirebaseDatabase in Frameworks */ = {isa = PBXBuildFile; productRef = D34A76BA2EC7527D00F64A85 /* FirebaseDatabase */; };
		D34A76BD2EC7527D00F64A85 /* FirebaseStorage in Frameworks */ = {isa = PBXBuildFile; productRef = D34A76BC2EC7527D00F64A85 /* FirebaseStorage */; };
		D34A76BF2EC7527D00F64A85 /* FirebaseStorageCombine-Community in Frameworks */ = {isa = PBXBuildFile; productRef = D34A76BE2EC7527D00F64A85 /* FirebaseStorageCombine-Community */; };
		D34A76C52EC7581600F64A85 /* GoogleSignIn in Frameworks */ = {isa = PBXBuildFile; productRef = D34A76C42EC7581600F64A85 /* GoogleSignIn */; };
		D34A76C72EC7581600F64A85 /* GoogleSignInSwift in Frameworks */ = {isa = PBXBuildFile; productRef = D34A76C62EC7581600F64A85 /* GoogleSignInSwift */; };
/* End PBXBuildFile section */

/* Begin PBXContainerItemProxy section */
		D3D129882EC242B500A7B601 /* PBXContainerItemProxy */ = {
			isa = PBXContainerItemProxy;
			containerPortal = D3D129722EC242B300A7B601 /* Project object */;
			proxyType = 1;
			remoteGlobalIDString = D3D129792EC242B300A7B601;
			remoteInfo = RawDogged;
		};
		D3D129922EC242B500A7B601 /* PBXContainerItemProxy */ = {
			isa = PBXContainerItemProxy;
			containerPortal = D3D129722EC242B300A7B601 /* Project object */;
			proxyType = 1;
			remoteGlobalIDString = D3D129792EC242B300A7B601;
			remoteInfo = RawDogged;
		};
/* End PBXContainerItemProxy section */

/* Begin PBXFileReference section */
		D3D1297A2EC242B400A7B601 /* RawDogged.app */ = {isa = PBXFileReference; explicitFileType = wrapper.application; includeInIndex = 0; path = RawDogged.app; sourceTree = BUILT_PRODUCTS_DIR; };
		D3D129872EC242B500A7B601 /* RawDoggedTests.xctest */ = {isa = PBXFileReference; explicitFileType = wrapper.cfbundle; includeInIndex = 0; path = RawDoggedTests.xctest; sourceTree = BUILT_PRODUCTS_DIR; };
		D3D129912EC242B500A7B601 /* RawDoggedUITests.xctest */ = {isa = PBXFileReference; explicitFileType = wrapper.cfbundle; includeInIndex = 0; path = RawDoggedUITests.xctest; sourceTree = BUILT_PRODUCTS_DIR; };
/* End PBXFileReference section */

/* Begin PBXFileSystemSynchronizedBuildFileExceptionSet section */
		D34A76C92EC7585F00F64A85 /* Exceptions for "RawDogged" folder in "RawDogged" target */ = {
			isa = PBXFileSystemSynchronizedBuildFileExceptionSet;
			membershipExceptions = (
				Info.plist,
			);
			target = D3D129792EC242B300A7B601 /* RawDogged */;
		};
/* End PBXFileSystemSynchronizedBuildFileExceptionSet section */

/* Begin PBXFileSystemSynchronizedRootGroup section */
		D3D1297C2EC242B400A7B601 /* RawDogged */ = {
			isa = PBXFileSystemSynchronizedRootGroup;
			exceptions = (
				D34A76C92EC7585F00F64A85 /* Exceptions for "RawDogged" folder in "RawDogged" target */,
			);
			path = RawDogged;
			sourceTree = "<group>";
		};
		D3D1298A2EC242B500A7B601 /* RawDoggedTests */ = {
			isa = PBXFileSystemSynchronizedRootGroup;
			path = RawDoggedTests;
			sourceTree = "<group>";
		};
		D3D129942EC242B500A7B601 /* RawDoggedUITests */ = {
			isa = PBXFileSystemSynchronizedRootGroup;
			path = RawDoggedUITests;
			sourceTree = "<group>";
		};
/* End PBXFileSystemSynchronizedRootGroup section */

/* Begin PBXFrameworksBuildPhase section */
		D3D129772EC242B300A7B601 /* Frameworks */ = {
			isa = PBXFrameworksBuildPhase;
			buildActionMask = 2147483647;
			files = (
				D34A76AF2EC7527D00F64A85 /* FirebaseAnalytics in Frameworks */,
				D34A76B12EC7527D00F64A85 /* FirebaseAnalyticsCore in Frameworks */,
				D34A76B32EC7527D00F64A85 /* FirebaseAnalyticsIdentitySupport in Frameworks */,
				D34A76B52EC7527D00F64A85 /* FirebaseAuth in Frameworks */,
				D34A76B92EC7527D00F64A85 /* FirebaseCore in Frameworks */,
				D34A76C52EC7581600F64A85 /* GoogleSignIn in Frameworks */,
				D34A76BD2EC7527D00F64A85 /* FirebaseStorage in Frameworks */,
				D34A76BB2EC7527D00F64A85 /* FirebaseDatabase in Frameworks */,
				D34A76BF2EC7527D00F64A85 /* FirebaseStorageCombine-Community in Frameworks */,
				D34A76B72EC7527D00F64A85 /* FirebaseAuthCombine-Community in Frameworks */,
				D34A76C72EC7581600F64A85 /* GoogleSignInSwift in Frameworks */,
			);
			runOnlyForDeploymentPostprocessing = 0;
		};
		D3D129842EC242B500A7B601 /* Frameworks */ = {
			isa = PBXFrameworksBuildPhase;
			buildActionMask = 2147483647;
			files = (
			);
			runOnlyForDeploymentPostprocessing = 0;
		};
		D3D1298E2EC242B500A7B601 /* Frameworks */ = {
			isa = PBXFrameworksBuildPhase;
			buildActionMask = 2147483647;
			files = (
			);
			runOnlyForDeploymentPostprocessing = 0;
		};
/* End PBXFrameworksBuildPhase section */

/* Begin PBXGroup section */
		D3D129712EC242B300A7B601 = {
			isa = PBXGroup;
			children = (
				D3D1297C2EC242B400A7B601 /* RawDogged */,
				D3D1298A2EC242B500A7B601 /* RawDoggedTests */,
				D3D129942EC242B500A7B601 /* RawDoggedUITests */,
				D3D1297B2EC242B400A7B601 /* Products */,
			);
			sourceTree = "<group>";
		};
		D3D1297B2EC242B400A7B601 /* Products */ = {
			isa = PBXGroup;
			children = (
				D3D1297A2EC242B400A7B601 /* RawDogged.app */,
				D3D129872EC242B500A7B601 /* RawDoggedTests.xctest */,
				D3D129912EC242B500A7B601 /* RawDoggedUITests.xctest */,
			);
			name = Products;
			sourceTree = "<group>";
		};
/* End PBXGroup section */

/* Begin PBXNativeTarget section */
		D3D129792EC242B300A7B601 /* RawDogged */ = {
			isa = PBXNativeTarget;
			buildConfigurationList = D3D1299B2EC242B500A7B601 /* Build configuration list for PBXNativeTarget "RawDogged" */;
			buildPhases = (
				D3D129762EC242B300A7B601 /* Sources */,
				D3D129772EC242B300A7B601 /* Frameworks */,
				D3D129782EC242B300A7B601 /* Resources */,
			);
			buildRules = (
			);
			dependencies = (
			);
			fileSystemSynchronizedGroups = (
				D3D1297C2EC242B400A7B601 /* RawDogged */,
			);
			name = RawDogged;
			packageProductDependencies = (
				D34A76AE2EC7527D00F64A85 /* FirebaseAnalytics */,
				D34A76B02EC7527D00F64A85 /* FirebaseAnalyticsCore */,
				D34A76B22EC7527D00F64A85 /* FirebaseAnalyticsIdentitySupport */,
				D34A76B42EC7527D00F64A85 /* FirebaseAuth */,
				D34A76B62EC7527D00F64A85 /* FirebaseAuthCombine-Community */,
				D34A76B82EC7527D00F64A85 /* FirebaseCore */,
				D34A76BA2EC7527D00F64A85 /* FirebaseDatabase */,
				D34A76BC2EC7527D00F64A85 /* FirebaseStorage */,
				D34A76BE2EC7527D00F64A85 /* FirebaseStorageCombine-Community */,
				D34A76C42EC7581600F64A85 /* GoogleSignIn */,
				D34A76C62EC7581600F64A85 /* GoogleSignInSwift */,
			);
			productName = RawDogged;
			productReference = D3D1297A2EC242B400A7B601 /* RawDogged.app */;
			productType = "com.apple.product-type.application";
		};
		D3D129862EC242B500A7B601 /* RawDoggedTests */ = {
			isa = PBXNativeTarget;
			buildConfigurationList = D3D1299E2EC242B500A7B601 /* Build configuration list for PBXNativeTarget "RawDoggedTests" */;
			buildPhases = (
				D3D129832EC242B500A7B601 /* Sources */,
				D3D129842EC242B500A7B601 /* Frameworks */,
				D3D129852EC242B500A7B601 /* Resources */,
			);
			buildRules = (
			);
			dependencies = (
				D3D129892EC242B500A7B601 /* PBXTargetDependency */,
			);
			fileSystemSynchronizedGroups = (
				D3D1298A2EC242B500A7B601 /* RawDoggedTests */,
			);
			name = RawDoggedTests;
			packageProductDependencies = (
			);
			productName = RawDoggedTests;
			productReference = D3D129872EC242B500A7B601 /* RawDoggedTests.xctest */;
			productType = "com.apple.product-type.bundle.unit-test";
		};
		D3D129902EC242B500A7B601 /* RawDoggedUITests */ = {
			isa = PBXNativeTarget;
			buildConfigurationList = D3D129A12EC242B500A7B601 /* Build configuration list for PBXNativeTarget "RawDoggedUITests" */;
			buildPhases = (
				D3D1298D2EC242B500A7B601 /* Sources */,
				D3D1298E2EC242B500A7B601 /* Frameworks */,
				D3D1298F2EC242B500A7B601 /* Resources */,
			);
			buildRules = (
			);
			dependencies = (
				D3D129932EC242B500A7B601 /* PBXTargetDependency */,
			);
			fileSystemSynchronizedGroups = (
				D3D129942EC242B500A7B601 /* RawDoggedUITests */,
			);
			name = RawDoggedUITests;
			packageProductDependencies = (
			);
			productName = RawDoggedUITests;
			productReference = D3D129912EC242B500A7B601 /* RawDoggedUITests.xctest */;
			productType = "com.apple.product-type.bundle.ui-testing";
		};
/* End PBXNativeTarget section */

/* Begin PBXProject section */
		D3D129722EC242B300A7B601 /* Project object */ = {
			isa = PBXProject;
			attributes = {
				BuildIndependentTargetsInParallel = 1;
				LastSwiftUpdateCheck = 2600;
				LastUpgradeCheck = 2600;
				TargetAttributes = {
					D3D129792EC242B300A7B601 = {
						CreatedOnToolsVersion = 26.0.1;
					};
					D3D129862EC242B500A7B601 = {
						CreatedOnToolsVersion = 26.0.1;
						TestTargetID = D3D129792EC242B300A7B601;
					};
					D3D129902EC242B500A7B601 = {
						CreatedOnToolsVersion = 26.0.1;
						TestTargetID = D3D129792EC242B300A7B601;
					};
				};
			};
			buildConfigurationList = D3D129752EC242B300A7B601 /* Build configuration list for PBXProject "RawDogged" */;
			developmentRegion = en;
			hasScannedForEncodings = 0;
			knownRegions = (
				en,
				Base,
			);
			mainGroup = D3D129712EC242B300A7B601;
			minimizedProjectReferenceProxies = 1;
			packageReferences = (
				D34A76AD2EC7527D00F64A85 /* XCRemoteSwiftPackageReference "firebase-ios-sdk" */,
				D34A76C32EC7581600F64A85 /* XCRemoteSwiftPackageReference "GoogleSignIn-iOS" */,
			);
			preferredProjectObjectVersion = 77;
			productRefGroup = D3D1297B2EC242B400A7B601 /* Products */;
			projectDirPath = "";
			projectRoot = "";
			targets = (
				D3D129792EC242B300A7B601 /* RawDogged */,
				D3D129862EC242B500A7B601 /* RawDoggedTests */,
				D3D129902EC242B500A7B601 /* RawDoggedUITests */,
			);
		};
/* End PBXProject section */

/* Begin PBXResourcesBuildPhase section */
		D3D129782EC242B300A7B601 /* Resources */ = {
			isa = PBXResourcesBuildPhase;
			buildActionMask = 2147483647;
			files = (
			);
			runOnlyForDeploymentPostprocessing = 0;
		};
		D3D129852EC242B500A7B601 /* Resources */ = {
			isa = PBXResourcesBuildPhase;
			buildActionMask = 2147483647;
			files = (
			);
			runOnlyForDeploymentPostprocessing = 0;
		};
		D3D1298F2EC242B500A7B601 /* Resources */ = {
			isa = PBXResourcesBuildPhase;
			buildActionMask = 2147483647;
			files = (
			);
			runOnlyForDeploymentPostprocessing = 0;
		};
/* End PBXResourcesBuildPhase section */

/* Begin PBXSourcesBuildPhase section */
		D3D129762EC242B300A7B601 /* Sources */ = {
			isa = PBXSourcesBuildPhase;
			buildActionMask = 2147483647;
			files = (
			);
			runOnlyForDeploymentPostprocessing = 0;
		};
		D3D129832EC242B500A7B601 /* Sources */ = {
			isa = PBXSourcesBuildPhase;
			buildActionMask = 2147483647;
			files = (
			);
			runOnlyForDeploymentPostprocessing = 0;
		};
		D3D1298D2EC242B500A7B601 /* Sources */ = {
			isa = PBXSourcesBuildPhase;
			buildActionMask = 2147483647;
			files = (
			);
			runOnlyForDeploymentPostprocessing = 0;
		};
/* End PBXSourcesBuildPhase section */

/* Begin PBXTargetDependency section */
		D3D129892EC242B500A7B601 /* PBXTargetDependency */ = {
			isa = PBXTargetDependency;
			target = D3D129792EC242B300A7B601 /* RawDogged */;
			targetProxy = D3D129882EC242B500A7B601 /* PBXContainerItemProxy */;
		};
		D3D129932EC242B500A7B601 /* PBXTargetDependency */ = {
			isa = PBXTargetDependency;
			target = D3D129792EC242B300A7B601 /* RawDogged */;
			targetProxy = D3D129922EC242B500A7B601 /* PBXContainerItemProxy */;
		};
/* End PBXTargetDependency section */

/* Begin XCBuildConfiguration section */
		D3D129992EC242B500A7B601 /* Debug */ = {
			isa = XCBuildConfiguration;
			buildSettings = {
				ALWAYS_SEARCH_USER_PATHS = NO;
				ASSETCATALOG_COMPILER_GENERATE_SWIFT_ASSET_SYMBOL_EXTENSIONS = YES;
				CLANG_ANALYZER_NONNULL = YES;
				CLANG_ANALYZER_NUMBER_OBJECT_CONVERSION = YES_AGGRESSIVE;
				CLANG_CXX_LANGUAGE_STANDARD = "gnu++20";
				CLANG_ENABLE_MODULES = YES;
				CLANG_ENABLE_OBJC_ARC = YES;
				CLANG_ENABLE_OBJC_WEAK = YES;
				CLANG_WARN_BLOCK_CAPTURE_AUTORELEASING = YES;
				CLANG_WARN_BOOL_CONVERSION = YES;
				CLANG_WARN_COMMA = YES;
				CLANG_WARN_CONSTANT_CONVERSION = YES;
				CLANG_WARN_DEPRECATED_OBJC_IMPLEMENTATIONS = YES;
				CLANG_WARN_DIRECT_OBJC_ISA_USAGE = YES_ERROR;
				CLANG_WARN_DOCUMENTATION_COMMENTS = YES;
				CLANG_WARN_EMPTY_BODY = YES;
				CLANG_WARN_ENUM_CONVERSION = YES;
				CLANG_WARN_INFINITE_RECURSION = YES;
				CLANG_WARN_INT_CONVERSION = YES;
				CLANG_WARN_NON_LITERAL_NULL_CONVERSION = YES;
				CLANG_WARN_OBJC_IMPLICIT_RETAIN_SELF = YES;
				CLANG_WARN_OBJC_LITERAL_CONVERSION = YES;
				CLANG_WARN_OBJC_ROOT_CLASS = YES_ERROR;
				CLANG_WARN_QUOTED_INCLUDE_IN_FRAMEWORK_HEADER = YES;
				CLANG_WARN_RANGE_LOOP_ANALYSIS = YES;
				CLANG_WARN_STRICT_PROTOTYPES = YES;
				CLANG_WARN_SUSPICIOUS_MOVE = YES;
				CLANG_WARN_UNGUARDED_AVAILABILITY = YES_AGGRESSIVE;
				CLANG_WARN_UNREACHABLE_CODE = YES;
				CLANG_WARN__DUPLICATE_METHOD_MATCH = YES;
				COPY_PHASE_STRIP = NO;
				DEBUG_INFORMATION_FORMAT = dwarf;
				DEVELOPMENT_TEAM = 45M934M76F;
				ENABLE_STRICT_OBJC_MSGSEND = YES;
				ENABLE_TESTABILITY = YES;
				ENABLE_USER_SCRIPT_SANDBOXING = YES;
				GCC_C_LANGUAGE_STANDARD = gnu17;
				GCC_DYNAMIC_NO_PIC = NO;
				GCC_NO_COMMON_BLOCKS = YES;
				GCC_OPTIMIZATION_LEVEL = 0;
				GCC_PREPROCESSOR_DEFINITIONS = (
					"DEBUG=1",
					"$(inherited)",
				);
				GCC_WARN_64_TO_32_BIT_CONVERSION = YES;
				GCC_WARN_ABOUT_RETURN_TYPE = YES_ERROR;
				GCC_WARN_UNDECLARED_SELECTOR = YES;
				GCC_WARN_UNINITIALIZED_AUTOS = YES_AGGRESSIVE;
				GCC_WARN_UNUSED_FUNCTION = YES;
				GCC_WARN_UNUSED_VARIABLE = YES;
				IPHONEOS_DEPLOYMENT_TARGET = 26.0;
				LOCALIZATION_PREFERS_STRING_CATALOGS = YES;
				MTL_ENABLE_DEBUG_INFO = INCLUDE_SOURCE;
				MTL_FAST_MATH = YES;
				ONLY_ACTIVE_ARCH = YES;
				SDKROOT = iphoneos;
				SWIFT_ACTIVE_COMPILATION_CONDITIONS = "DEBUG $(inherited)";
				SWIFT_OPTIMIZATION_LEVEL = "-Onone";
			};
			name = Debug;
		};
		D3D1299A2EC242B500A7B601 /* Release */ = {
			isa = XCBuildConfiguration;
			buildSettings = {
				ALWAYS_SEARCH_USER_PATHS = NO;
				ASSETCATALOG_COMPILER_GENERATE_SWIFT_ASSET_SYMBOL_EXTENSIONS = YES;
				CLANG_ANALYZER_NONNULL = YES;
				CLANG_ANALYZER_NUMBER_OBJECT_CONVERSION = YES_AGGRESSIVE;
				CLANG_CXX_LANGUAGE_STANDARD = "gnu++20";
				CLANG_ENABLE_MODULES = YES;
				CLANG_ENABLE_OBJC_ARC = YES;
				CLANG_ENABLE_OBJC_WEAK = YES;
				CLANG_WARN_BLOCK_CAPTURE_AUTORELEASING = YES;
				CLANG_WARN_BOOL_CONVERSION = YES;
				CLANG_WARN_COMMA = YES;
				CLANG_WARN_CONSTANT_CONVERSION = YES;
				CLANG_WARN_DEPRECATED_OBJC_IMPLEMENTATIONS = YES;
				CLANG_WARN_DIRECT_OBJC_ISA_USAGE = YES_ERROR;
				CLANG_WARN_DOCUMENTATION_COMMENTS = YES;
				CLANG_WARN_EMPTY_BODY = YES;
				CLANG_WARN_ENUM_CONVERSION = YES;
				CLANG_WARN_INFINITE_RECURSION = YES;
				CLANG_WARN_INT_CONVERSION = YES;
				CLANG_WARN_NON_LITERAL_NULL_CONVERSION = YES;
				CLANG_WARN_OBJC_IMPLICIT_RETAIN_SELF = YES;
				CLANG_WARN_OBJC_LITERAL_CONVERSION = YES;
				CLANG_WARN_OBJC_ROOT_CLASS = YES_ERROR;
				CLANG_WARN_QUOTED_INCLUDE_IN_FRAMEWORK_HEADER = YES;
				CLANG_WARN_RANGE_LOOP_ANALYSIS = YES;
				CLANG_WARN_STRICT_PROTOTYPES = YES;
				CLANG_WARN_SUSPICIOUS_MOVE = YES;
				CLANG_WARN_UNGUARDED_AVAILABILITY = YES_AGGRESSIVE;
				CLANG_WARN_UNREACHABLE_CODE = YES;
				CLANG_WARN__DUPLICATE_METHOD_MATCH = YES;
				COPY_PHASE_STRIP = NO;
				DEBUG_INFORMATION_FORMAT = "dwarf-with-dsym";
				DEVELOPMENT_TEAM = 45M934M76F;
				ENABLE_NS_ASSERTIONS = NO;
				ENABLE_STRICT_OBJC_MSGSEND = YES;
				ENABLE_USER_SCRIPT_SANDBOXING = YES;
				GCC_C_LANGUAGE_STANDARD = gnu17;
				GCC_NO_COMMON_BLOCKS = YES;
				GCC_WARN_64_TO_32_BIT_CONVERSION = YES;
				GCC_WARN_ABOUT_RETURN_TYPE = YES_ERROR;
				GCC_WARN_UNDECLARED_SELECTOR = YES;
				GCC_WARN_UNINITIALIZED_AUTOS = YES_AGGRESSIVE;
				GCC_WARN_UNUSED_FUNCTION = YES;
				GCC_WARN_UNUSED_VARIABLE = YES;
				IPHONEOS_DEPLOYMENT_TARGET = 26.0;
				LOCALIZATION_PREFERS_STRING_CATALOGS = YES;
				MTL_ENABLE_DEBUG_INFO = NO;
				MTL_FAST_MATH = YES;
				SDKROOT = iphoneos;
				SWIFT_COMPILATION_MODE = wholemodule;
				VALIDATE_PRODUCT = YES;
			};
			name = Release;
		};
		D3D1299C2EC242B500A7B601 /* Debug */ = {
			isa = XCBuildConfiguration;
			buildSettings = {
				ASSETCATALOG_COMPILER_APPICON_NAME = AppIcon;
				ASSETCATALOG_COMPILER_GLOBAL_ACCENT_COLOR_NAME = AccentColor;
				CODE_SIGN_ENTITLEMENTS = RawDogged/RawDogged.entitlements;
				CODE_SIGN_STYLE = Automatic;
				CURRENT_PROJECT_VERSION = 1;
				DEVELOPMENT_TEAM = 45M934M76F;
				ENABLE_PREVIEWS = YES;
				GENERATE_INFOPLIST_FILE = YES;
				INFOPLIST_FILE = RawDogged/Info.plist;
				INFOPLIST_KEY_CFBundleDisplayName = "Be Raw";
				INFOPLIST_KEY_UIApplicationSceneManifest_Generation = YES;
				INFOPLIST_KEY_UIApplicationSupportsIndirectInputEvents = YES;
				INFOPLIST_KEY_UILaunchScreen_Generation = YES;
				INFOPLIST_KEY_UISupportedInterfaceOrientations_iPad = "UIInterfaceOrientationPortrait UIInterfaceOrientationPortraitUpsideDown UIInterfaceOrientationLandscapeLeft UIInterfaceOrientationLandscapeRight";
				INFOPLIST_KEY_UISupportedInterfaceOrientations_iPhone = "UIInterfaceOrientationPortrait UIInterfaceOrientationLandscapeLeft UIInterfaceOrientationLandscapeRight";
				IPHONEOS_DEPLOYMENT_TARGET = 18.6;
				LD_RUNPATH_SEARCH_PATHS = (
					"$(inherited)",
					"@executable_path/Frameworks",
				);
				MARKETING_VERSION = 1.0;
				PRODUCT_BUNDLE_IDENTIFIER = com.getcode.BeRaw;
				PRODUCT_NAME = "$(TARGET_NAME)";
				STRING_CATALOG_GENERATE_SYMBOLS = YES;
				SUPPORTED_PLATFORMS = "iphoneos iphonesimulator";
				SUPPORTS_MACCATALYST = NO;
				SUPPORTS_MAC_DESIGNED_FOR_IPHONE_IPAD = NO;
				SUPPORTS_XR_DESIGNED_FOR_IPHONE_IPAD = NO;
				SWIFT_APPROACHABLE_CONCURRENCY = YES;
				SWIFT_DEFAULT_ACTOR_ISOLATION = MainActor;
				SWIFT_EMIT_LOC_STRINGS = YES;
				SWIFT_UPCOMING_FEATURE_MEMBER_IMPORT_VISIBILITY = YES;
				SWIFT_VERSION = 5.0;
				TARGETED_DEVICE_FAMILY = "1,2";
			};
			name = Debug;
		};
		D3D1299D2EC242B500A7B601 /* Release */ = {
			isa = XCBuildConfiguration;
			buildSettings = {
				ASSETCATALOG_COMPILER_APPICON_NAME = AppIcon;
				ASSETCATALOG_COMPILER_GLOBAL_ACCENT_COLOR_NAME = AccentColor;
				CODE_SIGN_ENTITLEMENTS = RawDogged/RawDogged.entitlements;
				CODE_SIGN_STYLE = Automatic;
				CURRENT_PROJECT_VERSION = 1;
				DEVELOPMENT_TEAM = 45M934M76F;
				ENABLE_PREVIEWS = YES;
				GENERATE_INFOPLIST_FILE = YES;
				INFOPLIST_FILE = RawDogged/Info.plist;
				INFOPLIST_KEY_CFBundleDisplayName = "Be Raw";
				INFOPLIST_KEY_UIApplicationSceneManifest_Generation = YES;
				INFOPLIST_KEY_UIApplicationSupportsIndirectInputEvents = YES;
				INFOPLIST_KEY_UILaunchScreen_Generation = YES;
				INFOPLIST_KEY_UISupportedInterfaceOrientations_iPad = "UIInterfaceOrientationPortrait UIInterfaceOrientationPortraitUpsideDown UIInterfaceOrientationLandscapeLeft UIInterfaceOrientationLandscapeRight";
				INFOPLIST_KEY_UISupportedInterfaceOrientations_iPhone = "UIInterfaceOrientationPortrait UIInterfaceOrientationLandscapeLeft UIInterfaceOrientationLandscapeRight";
				IPHONEOS_DEPLOYMENT_TARGET = 18.6;
				LD_RUNPATH_SEARCH_PATHS = (
					"$(inherited)",
					"@executable_path/Frameworks",
				);
				MARKETING_VERSION = 1.0;
				PRODUCT_BUNDLE_IDENTIFIER = com.getcode.BeRaw;
				PRODUCT_NAME = "$(TARGET_NAME)";
				STRING_CATALOG_GENERATE_SYMBOLS = YES;
				SUPPORTED_PLATFORMS = "iphoneos iphonesimulator";
				SUPPORTS_MACCATALYST = NO;
				SUPPORTS_MAC_DESIGNED_FOR_IPHONE_IPAD = NO;
				SUPPORTS_XR_DESIGNED_FOR_IPHONE_IPAD = NO;
				SWIFT_APPROACHABLE_CONCURRENCY = YES;
				SWIFT_DEFAULT_ACTOR_ISOLATION = MainActor;
				SWIFT_EMIT_LOC_STRINGS = YES;
				SWIFT_UPCOMING_FEATURE_MEMBER_IMPORT_VISIBILITY = YES;
				SWIFT_VERSION = 5.0;
				TARGETED_DEVICE_FAMILY = "1,2";
			};
			name = Release;
		};
		D3D1299F2EC242B500A7B601 /* Debug */ = {
			isa = XCBuildConfiguration;
			buildSettings = {
				BUNDLE_LOADER = "$(TEST_HOST)";
				CODE_SIGN_STYLE = Automatic;
				CURRENT_PROJECT_VERSION = 1;
				DEVELOPMENT_TEAM = 45M934M76F;
				GENERATE_INFOPLIST_FILE = YES;
				IPHONEOS_DEPLOYMENT_TARGET = 26.0;
				MARKETING_VERSION = 1.0;
				PRODUCT_BUNDLE_IDENTIFIER = com.getcode.RawDoggedTests;
				PRODUCT_NAME = "$(TARGET_NAME)";
				STRING_CATALOG_GENERATE_SYMBOLS = NO;
				SWIFT_APPROACHABLE_CONCURRENCY = YES;
				SWIFT_EMIT_LOC_STRINGS = NO;
				SWIFT_UPCOMING_FEATURE_MEMBER_IMPORT_VISIBILITY = YES;
				SWIFT_VERSION = 5.0;
				TARGETED_DEVICE_FAMILY = "1,2";
				TEST_HOST = "$(BUILT_PRODUCTS_DIR)/RawDogged.app/$(BUNDLE_EXECUTABLE_FOLDER_PATH)/RawDogged";
			};
			name = Debug;
		};
		D3D129A02EC242B500A7B601 /* Release */ = {
			isa = XCBuildConfiguration;
			buildSettings = {
				BUNDLE_LOADER = "$(TEST_HOST)";
				CODE_SIGN_STYLE = Automatic;
				CURRENT_PROJECT_VERSION = 1;
				DEVELOPMENT_TEAM = 45M934M76F;
				GENERATE_INFOPLIST_FILE = YES;
				IPHONEOS_DEPLOYMENT_TARGET = 26.0;
				MARKETING_VERSION = 1.0;
				PRODUCT_BUNDLE_IDENTIFIER = com.getcode.RawDoggedTests;
				PRODUCT_NAME = "$(TARGET_NAME)";
				STRING_CATALOG_GENERATE_SYMBOLS = NO;
				SWIFT_APPROACHABLE_CONCURRENCY = YES;
				SWIFT_EMIT_LOC_STRINGS = NO;
				SWIFT_UPCOMING_FEATURE_MEMBER_IMPORT_VISIBILITY = YES;
				SWIFT_VERSION = 5.0;
				TARGETED_DEVICE_FAMILY = "1,2";
				TEST_HOST = "$(BUILT_PRODUCTS_DIR)/RawDogged.app/$(BUNDLE_EXECUTABLE_FOLDER_PATH)/RawDogged";
			};
			name = Release;
		};
		D3D129A22EC242B500A7B601 /* Debug */ = {
			isa = XCBuildConfiguration;
			buildSettings = {
				CODE_SIGN_STYLE = Automatic;
				CURRENT_PROJECT_VERSION = 1;
				DEVELOPMENT_TEAM = 45M934M76F;
				GENERATE_INFOPLIST_FILE = YES;
				MARKETING_VERSION = 1.0;
				PRODUCT_BUNDLE_IDENTIFIER = com.getcode.RawDoggedUITests;
				PRODUCT_NAME = "$(TARGET_NAME)";
				STRING_CATALOG_GENERATE_SYMBOLS = NO;
				SWIFT_APPROACHABLE_CONCURRENCY = YES;
				SWIFT_EMIT_LOC_STRINGS = NO;
				SWIFT_UPCOMING_FEATURE_MEMBER_IMPORT_VISIBILITY = YES;
				SWIFT_VERSION = 5.0;
				TARGETED_DEVICE_FAMILY = "1,2";
				TEST_TARGET_NAME = RawDogged;
			};
			name = Debug;
		};
		D3D129A32EC242B500A7B601 /* Release */ = {
			isa = XCBuildConfiguration;
			buildSettings = {
				CODE_SIGN_STYLE = Automatic;
				CURRENT_PROJECT_VERSION = 1;
				DEVELOPMENT_TEAM = 45M934M76F;
				GENERATE_INFOPLIST_FILE = YES;
				MARKETING_VERSION = 1.0;
				PRODUCT_BUNDLE_IDENTIFIER = com.getcode.RawDoggedUITests;
				PRODUCT_NAME = "$(TARGET_NAME)";
				STRING_CATALOG_GENERATE_SYMBOLS = NO;
				SWIFT_APPROACHABLE_CONCURRENCY = YES;
				SWIFT_EMIT_LOC_STRINGS = NO;
				SWIFT_UPCOMING_FEATURE_MEMBER_IMPORT_VISIBILITY = YES;
				SWIFT_VERSION = 5.0;
				TARGETED_DEVICE_FAMILY = "1,2";
				TEST_TARGET_NAME = RawDogged;
			};
			name = Release;
		};
/* End XCBuildConfiguration section */

/* Begin XCConfigurationList section */
		D3D129752EC242B300A7B601 /* Build configuration list for PBXProject "RawDogged" */ = {
			isa = XCConfigurationList;
			buildConfigurations = (
				D3D129992EC242B500A7B601 /* Debug */,
				D3D1299A2EC242B500A7B601 /* Release */,
			);
			defaultConfigurationIsVisible = 0;
			defaultConfigurationName = Release;
		};
		D3D1299B2EC242B500A7B601 /* Build configuration list for PBXNativeTarget "RawDogged" */ = {
			isa = XCConfigurationList;
			buildConfigurations = (
				D3D1299C2EC242B500A7B601 /* Debug */,
				D3D1299D2EC242B500A7B601 /* Release */,
			);
			defaultConfigurationIsVisible = 0;
			defaultConfigurationName = Release;
		};
		D3D1299E2EC242B500A7B601 /* Build configuration list for PBXNativeTarget "RawDoggedTests" */ = {
			isa = XCConfigurationList;
			buildConfigurations = (
				D3D1299F2EC242B500A7B601 /* Debug */,
				D3D129A02EC242B500A7B601 /* Release */,
			);
			defaultConfigurationIsVisible = 0;
			defaultConfigurationName = Release;
		};
		D3D129A12EC242B500A7B601 /* Build configuration list for PBXNativeTarget "RawDoggedUITests" */ = {
			isa = XCConfigurationList;
			buildConfigurations = (
				D3D129A22EC242B500A7B601 /* Debug */,
				D3D129A32EC242B500A7B601 /* Release */,
			);
			defaultConfigurationIsVisible = 0;
			defaultConfigurationName = Release;
		};
/* End XCConfigurationList section */

/* Begin XCRemoteSwiftPackageReference section */
		D34A76AD2EC7527D00F64A85 /* XCRemoteSwiftPackageReference "firebase-ios-sdk" */ = {
			isa = XCRemoteSwiftPackageReference;
			repositoryURL = "https://github.com/firebase/firebase-ios-sdk";
			requirement = {
				kind = upToNextMajorVersion;
				minimumVersion = 12.6.0;
			};
		};
		D34A76C32EC7581600F64A85 /* XCRemoteSwiftPackageReference "GoogleSignIn-iOS" */ = {
			isa = XCRemoteSwiftPackageReference;
			repositoryURL = "https://github.com/google/GoogleSignIn-iOS";
			requirement = {
				kind = upToNextMajorVersion;
				minimumVersion = 9.0.0;
			};
		};
/* End XCRemoteSwiftPackageReference section */

/* Begin XCSwiftPackageProductDependency section */
		D34A76AE2EC7527D00F64A85 /* FirebaseAnalytics */ = {
			isa = XCSwiftPackageProductDependency;
			package = D34A76AD2EC7527D00F64A85 /* XCRemoteSwiftPackageReference "firebase-ios-sdk" */;
			productName = FirebaseAnalytics;
		};
		D34A76B02EC7527D00F64A85 /* FirebaseAnalyticsCore */ = {
			isa = XCSwiftPackageProductDependency;
			package = D34A76AD2EC7527D00F64A85 /* XCRemoteSwiftPackageReference "firebase-ios-sdk" */;
			productName = FirebaseAnalyticsCore;
		};
		D34A76B22EC7527D00F64A85 /* FirebaseAnalyticsIdentitySupport */ = {
			isa = XCSwiftPackageProductDependency;
			package = D34A76AD2EC7527D00F64A85 /* XCRemoteSwiftPackageReference "firebase-ios-sdk" */;
			productName = FirebaseAnalyticsIdentitySupport;
		};
		D34A76B42EC7527D00F64A85 /* FirebaseAuth */ = {
			isa = XCSwiftPackageProductDependency;
			package = D34A76AD2EC7527D00F64A85 /* XCRemoteSwiftPackageReference "firebase-ios-sdk" */;
			productName = FirebaseAuth;
		};
		D34A76B62EC7527D00F64A85 /* FirebaseAuthCombine-Community */ = {
			isa = XCSwiftPackageProductDependency;
			package = D34A76AD2EC7527D00F64A85 /* XCRemoteSwiftPackageReference "firebase-ios-sdk" */;
			productName = "FirebaseAuthCombine-Community";
		};
		D34A76B82EC7527D00F64A85 /* FirebaseCore */ = {
			isa = XCSwiftPackageProductDependency;
			package = D34A76AD2EC7527D00F64A85 /* XCRemoteSwiftPackageReference "firebase-ios-sdk" */;
			productName = FirebaseCore;
		};
		D34A76BA2EC7527D00F64A85 /* FirebaseDatabase */ = {
			isa = XCSwiftPackageProductDependency;
			package = D34A76AD2EC7527D00F64A85 /* XCRemoteSwiftPackageReference "firebase-ios-sdk" */;
			productName = FirebaseDatabase;
		};
		D34A76BC2EC7527D00F64A85 /* FirebaseStorage */ = {
			isa = XCSwiftPackageProductDependency;
			package = D34A76AD2EC7527D00F64A85 /* XCRemoteSwiftPackageReference "firebase-ios-sdk" */;
			productName = FirebaseStorage;
		};
		D34A76BE2EC7527D00F64A85 /* FirebaseStorageCombine-Community */ = {
			isa = XCSwiftPackageProductDependency;
			package = D34A76AD2EC7527D00F64A85 /* XCRemoteSwiftPackageReference "firebase-ios-sdk" */;
			productName = "FirebaseStorageCombine-Community";
		};
		D34A76C42EC7581600F64A85 /* GoogleSignIn */ = {
			isa = XCSwiftPackageProductDependency;
			package = D34A76C32EC7581600F64A85 /* XCRemoteSwiftPackageReference "GoogleSignIn-iOS" */;
			productName = GoogleSignIn;
		};
		D34A76C62EC7581600F64A85 /* GoogleSignInSwift */ = {
			isa = XCSwiftPackageProductDependency;
			package = D34A76C32EC7581600F64A85 /* XCRemoteSwiftPackageReference "GoogleSignIn-iOS" */;
			productName = GoogleSignInSwift;
		};
/* End XCSwiftPackageProductDependency section */
	};
	rootObject = D3D129722EC242B300A7B601 /* Project object */;
}
